
Microsoft Visual Studio Solution File, Format Version 12.00
# Visual Studio Version 17
VisualStudioVersion = 17.14.36518.9 d17.14
MinimumVisualStudioVersion = 10.0.40219.1
Project("{FAE04EC0-301F-11D3-BF4B-00C04F79EFBC}") = "DI-Example", "DI-Example.csproj", "{8A959860-37C5-451B-8F64-C3C400005E21}"
EndProject
Global
	GlobalSection(SolutionConfigurationPlatforms) = preSolution
		Debug|Any CPU = Debug|Any CPU
		Release|Any CPU = Release|Any CPU
	EndGlobalSection
	GlobalSection(ProjectConfigurationPlatforms) = postSolution
		{8A959860-37C5-451B-8F64-C3C400005E21}.Debug|Any CPU.ActiveCfg = Debug|Any CPU
		{8A959860-37C5-451B-8F64-C3C400005E21}.Debug|Any CPU.Build.0 = Debug|Any CPU
		{8A959860-37C5-451B-8F64-C3C400005E21}.Release|Any CPU.ActiveCfg = Release|Any CPU
		{8A959860-37C5-451B-8F64-C3C400005E21}.Release|Any CPU.Build.0 = Release|Any CPU
	EndGlobalSection
	GlobalSection(SolutionProperties) = preSolution
		HideSolutionNode = FALSE
	EndGlobalSection
	GlobalSection(ExtensibilityGlobals) = postSolution
		SolutionGuid = {AF3BAE8A-E2D2-451A-97CC-3F007D5BFCB5}
	EndGlobalSection
EndGlobal
